
Microsoft Visual Studio Solution File, Format Version 9.00
# Visual Studio 2005
Project("{8BC9CEB8-8B4A-11D0-8D11-00A0C91BC942}") = "Ead", "Ead.vcproj", "{806B5198-C50B-450C-B766-C1B387F10BB7}"
	GlobalSection(Qt) = preSolution
		Integration = True
	EndGlobalSection
EndProject
Project("{2150E333-8FDC-42A3-9474-1A3956D46DE8}") = "Solution Items", "Solution Items", "{E06BCA06-0543-483A-9688-97266A9A69F0}"
	GlobalSection(Qt) = preSolution
		Integration = True
	EndGlobalSection
	ProjectSection(SolutionItems) = preProject
		Notes.txt = Notes.txt
		Todo.txt = Todo.txt
	EndProjectSection
EndProject
Project("{54435603-DBB4-11D2-8724-00A0C9A8B90C}") = "Setup", "Setup\Setup.vdproj", "{06670E29-6E58-4CE0-82F8-8932991F13B3}"
	GlobalSection(Qt) = preSolution
		Integration = True
	EndGlobalSection
EndProject
Global
	GlobalSection(Qt) = preSolution
		Integration = True
	EndGlobalSection
	GlobalSection(SolutionConfigurationPlatforms) = preSolution
		Debug|Win32 = Debug|Win32
		Release|Win32 = Release|Win32
	EndGlobalSection
	GlobalSection(ProjectConfigurationPlatforms) = postSolution
		{806B5198-C50B-450C-B766-C1B387F10BB7}.Debug|Win32.ActiveCfg = Debug|Win32
		{806B5198-C50B-450C-B766-C1B387F10BB7}.Debug|Win32.Build.0 = Debug|Win32
		{806B5198-C50B-450C-B766-C1B387F10BB7}.Release|Win32.ActiveCfg = Release|Win32
		{806B5198-C50B-450C-B766-C1B387F10BB7}.Release|Win32.Build.0 = Release|Win32
		{06670E29-6E58-4CE0-82F8-8932991F13B3}.Debug|Win32.ActiveCfg = Debug
		{06670E29-6E58-4CE0-82F8-8932991F13B3}.Release|Win32.ActiveCfg = Release
	EndGlobalSection
	GlobalSection(SolutionProperties) = preSolution
		HideSolutionNode = FALSE
	EndGlobalSection
EndGlobal
