
Microsoft Visual Studio Solution File, Format Version 10.00
# Visual Studio 2008
Project("{8BC9CEB8-8B4A-11D0-8D11-00A0C91BC942}") = "GcEad", "GcEad.vcproj", "{51175742-097A-49E9-977A-60AB638B999C}"
	GlobalSection(Qt) = preSolution
		Integration = True
	EndGlobalSection
EndProject
Project("{2150E333-8FDC-42A3-9474-1A3956D46DE8}") = "Solution Items", "Solution Items", "{4E917DC3-759E-4BC5-A213-0FC5EAD9636F}"
	ProjectSection(SolutionItems) = preProject
		Notes.txt = Notes.txt
		Todo.txt = Todo.txt
		UseCases.txt = UseCases.txt
	EndProjectSection
EndProject
Project("{54435603-DBB4-11D2-8724-00A0C9A8B90C}") = "Setup", "Setup\Setup.vdproj", "{161C1E94-61BB-41B3-A072-B1422A4E222A}"
EndProject
Global
	GlobalSection(SolutionConfigurationPlatforms) = preSolution
		Debug|Win32 = Debug|Win32
		Release|Win32 = Release|Win32
	EndGlobalSection
	GlobalSection(ProjectConfigurationPlatforms) = postSolution
		{51175742-097A-49E9-977A-60AB638B999C}.Debug|Win32.ActiveCfg = Debug|Win32
		{51175742-097A-49E9-977A-60AB638B999C}.Debug|Win32.Build.0 = Debug|Win32
		{51175742-097A-49E9-977A-60AB638B999C}.Release|Win32.ActiveCfg = Release|Win32
		{51175742-097A-49E9-977A-60AB638B999C}.Release|Win32.Build.0 = Release|Win32
		{161C1E94-61BB-41B3-A072-B1422A4E222A}.Debug|Win32.ActiveCfg = Debug
		{161C1E94-61BB-41B3-A072-B1422A4E222A}.Release|Win32.ActiveCfg = Release
	EndGlobalSection
	GlobalSection(SolutionProperties) = preSolution
		HideSolutionNode = FALSE
	EndGlobalSection
EndGlobal
